
Microsoft Visual Studio Solution File, Format Version 12.00
# Visual Studio 15
VisualStudioVersion = 15.0.26730.12
MinimumVisualStudioVersion = 10.0.40219.1
Project("{FAE04EC0-301F-11D3-BF4B-00C04F79EFBC}") = "ArtOptimal", "ArtOptimal\ArtOptimal.csproj", "{2BDBE633-1AFC-43EE-9C4E-6FDDB5FB3B3F}"
EndProject
Project("{FAE04EC0-301F-11D3-BF4B-00C04F79EFBC}") = "PizzaGoogle", "PizzaGoogle\PizzaGoogle.csproj", "{D6CB5D7D-537D-4DC1-AEBD-10678689F3AD}"
EndProject
Project("{FAE04EC0-301F-11D3-BF4B-00C04F79EFBC}") = "AttrapezLesTous", "AttrapezLesTous\AttrapezLesTous.csproj", "{EC0F91E5-9133-49C4-9F17-ADCD3C7592AE}"
EndProject
Project("{FAE04EC0-301F-11D3-BF4B-00C04F79EFBC}") = "Agar.IA", "Agar.IA\Agar.IA.csproj", "{4FA4015A-8F68-466C-902E-410FEB21800D}"
EndProject
Project("{FAE04EC0-301F-11D3-BF4B-00C04F79EFBC}") = "Illumination", "Illumination\Illumination.csproj", "{EE40CA7C-40A9-4947-A73A-C7FFCF37075E}"
EndProject
Project("{FAE04EC0-301F-11D3-BF4B-00C04F79EFBC}") = "SelfDriving", "SelfDriving\SelfDriving.csproj", "{0CEA0795-8A76-4C29-B475-0F587957FAFF}"
EndProject
Global
	GlobalSection(SolutionConfigurationPlatforms) = preSolution
		Debug|Any CPU = Debug|Any CPU
		Release|Any CPU = Release|Any CPU
	EndGlobalSection
	GlobalSection(ProjectConfigurationPlatforms) = postSolution
		{2BDBE633-1AFC-43EE-9C4E-6FDDB5FB3B3F}.Debug|Any CPU.ActiveCfg = Debug|Any CPU
		{2BDBE633-1AFC-43EE-9C4E-6FDDB5FB3B3F}.Debug|Any CPU.Build.0 = Debug|Any CPU
		{2BDBE633-1AFC-43EE-9C4E-6FDDB5FB3B3F}.Release|Any CPU.ActiveCfg = Release|Any CPU
		{2BDBE633-1AFC-43EE-9C4E-6FDDB5FB3B3F}.Release|Any CPU.Build.0 = Release|Any CPU
		{D6CB5D7D-537D-4DC1-AEBD-10678689F3AD}.Debug|Any CPU.ActiveCfg = Debug|Any CPU
		{D6CB5D7D-537D-4DC1-AEBD-10678689F3AD}.Debug|Any CPU.Build.0 = Debug|Any CPU
		{D6CB5D7D-537D-4DC1-AEBD-10678689F3AD}.Release|Any CPU.ActiveCfg = Release|Any CPU
		{D6CB5D7D-537D-4DC1-AEBD-10678689F3AD}.Release|Any CPU.Build.0 = Release|Any CPU
		{EC0F91E5-9133-49C4-9F17-ADCD3C7592AE}.Debug|Any CPU.ActiveCfg = Debug|Any CPU
		{EC0F91E5-9133-49C4-9F17-ADCD3C7592AE}.Debug|Any CPU.Build.0 = Debug|Any CPU
		{EC0F91E5-9133-49C4-9F17-ADCD3C7592AE}.Release|Any CPU.ActiveCfg = Release|Any CPU
		{EC0F91E5-9133-49C4-9F17-ADCD3C7592AE}.Release|Any CPU.Build.0 = Release|Any CPU
		{4FA4015A-8F68-466C-902E-410FEB21800D}.Debug|Any CPU.ActiveCfg = Debug|Any CPU
		{4FA4015A-8F68-466C-902E-410FEB21800D}.Debug|Any CPU.Build.0 = Debug|Any CPU
		{4FA4015A-8F68-466C-902E-410FEB21800D}.Release|Any CPU.ActiveCfg = Release|Any CPU
		{4FA4015A-8F68-466C-902E-410FEB21800D}.Release|Any CPU.Build.0 = Release|Any CPU
		{EE40CA7C-40A9-4947-A73A-C7FFCF37075E}.Debug|Any CPU.ActiveCfg = Debug|Any CPU
		{EE40CA7C-40A9-4947-A73A-C7FFCF37075E}.Debug|Any CPU.Build.0 = Debug|Any CPU
		{EE40CA7C-40A9-4947-A73A-C7FFCF37075E}.Release|Any CPU.ActiveCfg = Release|Any CPU
		{EE40CA7C-40A9-4947-A73A-C7FFCF37075E}.Release|Any CPU.Build.0 = Release|Any CPU
		{0CEA0795-8A76-4C29-B475-0F587957FAFF}.Debug|Any CPU.ActiveCfg = Debug|Any CPU
		{0CEA0795-8A76-4C29-B475-0F587957FAFF}.Debug|Any CPU.Build.0 = Debug|Any CPU
		{0CEA0795-8A76-4C29-B475-0F587957FAFF}.Release|Any CPU.ActiveCfg = Release|Any CPU
		{0CEA0795-8A76-4C29-B475-0F587957FAFF}.Release|Any CPU.Build.0 = Release|Any CPU
	EndGlobalSection
	GlobalSection(SolutionProperties) = preSolution
		HideSolutionNode = FALSE
	EndGlobalSection
	GlobalSection(ExtensibilityGlobals) = postSolution
		SolutionGuid = {CEE907E6-0D7F-4EAF-B601-A018DB56FDEA}
	EndGlobalSection
EndGlobal
